// !$*UTF8*$!
{
	archiveVersion = 1;
	classes = {
	};
	objectVersion = 46;
	objects = {

/* Begin PBXBuildFile section */
		1EBDB809E69E7F8B7588B08F /* Pods_DownLoader.framework in Frameworks */ = {isa = PBXBuildFile; fileRef = B00A056DF41252BA38A03BCD /* Pods_DownLoader.framework */; };
		CB5028991F210E260099747E /* AppDelegate.swift in Sources */ = {isa = PBXBuildFile; fileRef = CB5028981F210E260099747E /* AppDelegate.swift */; };
		CB50289B1F210E260099747E /* ViewController.swift in Sources */ = {isa = PBXBuildFile; fileRef = CB50289A1F210E260099747E /* ViewController.swift */; };
		CB50289E1F210E260099747E /* Main.storyboard in Resources */ = {isa = PBXBuildFile; fileRef = CB50289C1F210E260099747E /* Main.storyboard */; };
		CB5028A01F210E260099747E /* Assets.xcassets in Resources */ = {isa = PBXBuildFile; fileRef = CB50289F1F210E260099747E /* Assets.xcassets */; };
		CB5028A31F210E260099747E /* LaunchScreen.storyboard in Resources */ = {isa = PBXBuildFile; fileRef = CB5028A11F210E260099747E /* LaunchScreen.storyboard */; };
		CB5028AB1F210E380099747E /* DownLoader.swift in Sources */ = {isa = PBXBuildFile; fileRef = CB5028AA1F210E380099747E /* DownLoader.swift */; };
		CB5028AD1F210E4A0099747E /* FileMangerTool.swift in Sources */ = {isa = PBXBuildFile; fileRef = CB5028AC1F210E4A0099747E /* FileMangerTool.swift */; };
		CBB9FBC71F2AE95600BB084F /* DownloaderManager.swift in Sources */ = {isa = PBXBuildFile; fileRef = CBB9FBC61F2AE95600BB084F /* DownloaderManager.swift */; };
		CBB9FBC91F2B243E00BB084F /* MoreTaskViewController.swift in Sources */ = {isa = PBXBuildFile; fileRef = CBB9FBC81F2B243E00BB084F /* MoreTaskViewController.swift */; };
/* End PBXBuildFile section */

/* Begin PBXFileReference section */
		23FFA3C1672104774C596591 /* Pods-DownLoader.release.xcconfig */ = {isa = PBXFileReference; includeInIndex = 1; lastKnownFileType = text.xcconfig; name = "Pods-DownLoader.release.xcconfig"; path = "Pods/Target Support Files/Pods-DownLoader/Pods-DownLoader.release.xcconfig"; sourceTree = "<group>"; };
		B00A056DF41252BA38A03BCD /* Pods_DownLoader.framework */ = {isa = PBXFileReference; explicitFileType = wrapper.framework; includeInIndex = 0; path = Pods_DownLoader.framework; sourceTree = BUILT_PRODUCTS_DIR; };
		BE97EE00C128DCCB14FECE3C /* Pods-DownLoader.debug.xcconfig */ = {isa = PBXFileReference; includeInIndex = 1; lastKnownFileType = text.xcconfig; name = "Pods-DownLoader.debug.xcconfig"; path = "Pods/Target Support Files/Pods-DownLoader/Pods-DownLoader.debug.xcconfig"; sourceTree = "<group>"; };
		CB5028951F210E260099747E /* DownLoader.app */ = {isa = PBXFileReference; explicitFileType = wrapper.application; includeInIndex = 0; path = DownLoader.app; sourceTree = BUILT_PRODUCTS_DIR; };
		CB5028981F210E260099747E /* AppDelegate.swift */ = {isa = PBXFileReference; lastKnownFileType = sourcecode.swift; path = AppDelegate.swift; sourceTree = "<group>"; };
		CB50289A1F210E260099747E /* ViewController.swift */ = {isa = PBXFileReference; lastKnownFileType = sourcecode.swift; path = ViewController.swift; sourceTree = "<group>"; };
		CB50289D1F210E260099747E /* Base */ = {isa = PBXFileReference; lastKnownFileType = file.storyboard; name = Base; path = Base.lproj/Main.storyboard; sourceTree = "<group>"; };
		CB50289F1F210E260099747E /* Assets.xcassets */ = {isa = PBXFileReference; lastKnownFileType = folder.assetcatalog; path = Assets.xcassets; sourceTree = "<group>"; };
		CB5028A21F210E260099747E /* Base */ = {isa = PBXFileReference; lastKnownFileType = file.storyboard; name = Base; path = Base.lproj/LaunchScreen.storyboard; sourceTree = "<group>"; };
		CB5028A41F210E260099747E /* Info.plist */ = {isa = PBXFileReference; lastKnownFileType = text.plist.xml; path = Info.plist; sourceTree = "<group>"; };
		CB5028AA1F210E380099747E /* DownLoader.swift */ = {isa = PBXFileReference; fileEncoding = 4; lastKnownFileType = sourcecode.swift; path = DownLoader.swift; sourceTree = "<group>"; };
		CB5028AC1F210E4A0099747E /* FileMangerTool.swift */ = {isa = PBXFileReference; fileEncoding = 4; lastKnownFileType = sourcecode.swift; path = FileMangerTool.swift; sourceTree = "<group>"; };
		CBB9FBC61F2AE95600BB084F /* DownloaderManager.swift */ = {isa = PBXFileReference; fileEncoding = 4; lastKnownFileType = sourcecode.swift; path = DownloaderManager.swift; sourceTree = "<group>"; };
		CBB9FBC81F2B243E00BB084F /* MoreTaskViewController.swift */ = {isa = PBXFileReference; fileEncoding = 4; lastKnownFileType = sourcecode.swift; path = MoreTaskViewController.swift; sourceTree = "<group>"; };
/* End PBXFileReference section */

/* Begin PBXFrameworksBuildPhase section */
		CB5028921F210E260099747E /* Frameworks */ = {
			isa = PBXFrameworksBuildPhase;
			buildActionMask = 2147483647;
			files = (
				1EBDB809E69E7F8B7588B08F /* Pods_DownLoader.framework in Frameworks */,
			);
			runOnlyForDeploymentPostprocessing = 0;
		};
/* End PBXFrameworksBuildPhase section */

/* Begin PBXGroup section */
		C8ACD5DE30E849AD75BA9D75 /* Pods */ = {
			isa = PBXGroup;
			children = (
				BE97EE00C128DCCB14FECE3C /* Pods-DownLoader.debug.xcconfig */,
				23FFA3C1672104774C596591 /* Pods-DownLoader.release.xcconfig */,
			);
			name = Pods;
			sourceTree = "<group>";
		};
		CB50288C1F210E260099747E = {
			isa = PBXGroup;
			children = (
				CB5028971F210E260099747E /* DownLoader */,
				CB5028961F210E260099747E /* Products */,
				C8ACD5DE30E849AD75BA9D75 /* Pods */,
				E9513EB2B4FE144768BD4A89 /* Frameworks */,
			);
			sourceTree = "<group>";
		};
		CB5028961F210E260099747E /* Products */ = {
			isa = PBXGroup;
			children = (
				CB5028951F210E260099747E /* DownLoader.app */,
			);
			name = Products;
			sourceTree = "<group>";
		};
		CB5028971F210E260099747E /* DownLoader */ = {
			isa = PBXGroup;
			children = (
				CB5028981F210E260099747E /* AppDelegate.swift */,
				CB50289A1F210E260099747E /* ViewController.swift */,
				CB5028AA1F210E380099747E /* DownLoader.swift */,
				CBB9FBC61F2AE95600BB084F /* DownloaderManager.swift */,
				CBB9FBC81F2B243E00BB084F /* MoreTaskViewController.swift */,
				CB5028AC1F210E4A0099747E /* FileMangerTool.swift */,
				CB50289C1F210E260099747E /* Main.storyboard */,
				CB50289F1F210E260099747E /* Assets.xcassets */,
				CB5028A11F210E260099747E /* LaunchScreen.storyboard */,
				CB5028A41F210E260099747E /* Info.plist */,
			);
			path = DownLoader;
			sourceTree = "<group>";
		};
		E9513EB2B4FE144768BD4A89 /* Frameworks */ = {
			isa = PBXGroup;
			children = (
				B00A056DF41252BA38A03BCD /* Pods_DownLoader.framework */,
			);
			name = Frameworks;
			sourceTree = "<group>";
		};
/* End PBXGroup section */

/* Begin PBXNativeTarget section */
		CB5028941F210E260099747E /* DownLoader */ = {
			isa = PBXNativeTarget;
			buildConfigurationList = CB5028A71F210E260099747E /* Build configuration list for PBXNativeTarget "DownLoader" */;
			buildPhases = (
				F080E4BDB06B6DFB7F03F8E6 /* [CP] Check Pods Manifest.lock */,
				CB5028911F210E260099747E /* Sources */,
				CB5028921F210E260099747E /* Frameworks */,
				CB5028931F210E260099747E /* Resources */,
				7E8608EAA8AF0214B35BAC80 /* [CP] Embed Pods Frameworks */,
				AAA0DE1C573D5321824B8D81 /* [CP] Copy Pods Resources */,
			);
			buildRules = (
			);
			dependencies = (
			);
			name = DownLoader;
			productName = DownLoader;
			productReference = CB5028951F210E260099747E /* DownLoader.app */;
			productType = "com.apple.product-type.application";
		};
/* End PBXNativeTarget section */

/* Begin PBXProject section */
		CB50288D1F210E260099747E /* Project object */ = {
			isa = PBXProject;
			attributes = {
				LastSwiftUpdateCheck = 0830;
				LastUpgradeCheck = 0830;
				ORGANIZATIONNAME = Karl;
				TargetAttributes = {
					CB5028941F210E260099747E = {
						CreatedOnToolsVersion = 8.3.3;
						ProvisioningStyle = Automatic;
					};
				};
			};
			buildConfigurationList = CB5028901F210E260099747E /* Build configuration list for PBXProject "DownLoader" */;
			compatibilityVersion = "Xcode 3.2";
			developmentRegion = English;
			hasScannedForEncodings = 0;
			knownRegions = (
				en,
				Base,
			);
			mainGroup = CB50288C1F210E260099747E;
			productRefGroup = CB5028961F210E260099747E /* Products */;
			projectDirPath = "";
			projectRoot = "";
			targets = (
				CB5028941F210E260099747E /* DownLoader */,
			);
		};
/* End PBXProject section */

/* Begin PBXResourcesBuildPhase section */
		CB5028931F210E260099747E /* Resources */ = {
			isa = PBXResourcesBuildPhase;
			buildActionMask = 2147483647;
			files = (
				CB5028A31F210E260099747E /* LaunchScreen.storyboard in Resources */,
				CB5028A01F210E260099747E /* Assets.xcassets in Resources */,
				CB50289E1F210E260099747E /* Main.storyboard in Resources */,
			);
			runOnlyForDeploymentPostprocessing = 0;
		};
/* End PBXResourcesBuildPhase section */

/* Begin PBXShellScriptBuildPhase section */
		7E8608EAA8AF0214B35BAC80 /* [CP] Embed Pods Frameworks */ = {
			isa = PBXShellScriptBuildPhase;
			buildActionMask = 2147483647;
			files = (
			);
			inputPaths = (
				"${SRCROOT}/Pods/Target Support Files/Pods-DownLoader/Pods-DownLoader-frameworks.sh",
				"${BUILT_PRODUCTS_DIR}/Alamofire/Alamofire.framework",
			);
			name = "[CP] Embed Pods Frameworks";
			outputPaths = (
				"${TARGET_BUILD_DIR}/${FRAMEWORKS_FOLDER_PATH}/Alamofire.framework",
			);
			runOnlyForDeploymentPostprocessing = 0;
			shellPath = /bin/sh;
			shellScript = "\"${SRCROOT}/Pods/Target Support Files/Pods-DownLoader/Pods-DownLoader-frameworks.sh\"\n";
			showEnvVarsInLog = 0;
		};
		AAA0DE1C573D5321824B8D81 /* [CP] Copy Pods Resources */ = {
			isa = PBXShellScriptBuildPhase;
			buildActionMask = 2147483647;
			files = (
			);
			inputPaths = (
			);
			name = "[CP] Copy Pods Resources";
			outputPaths = (
			);
			runOnlyForDeploymentPostprocessing = 0;
			shellPath = /bin/sh;
			shellScript = "\"${SRCROOT}/Pods/Target Support Files/Pods-DownLoader/Pods-DownLoader-resources.sh\"\n";
			showEnvVarsInLog = 0;
		};
		F080E4BDB06B6DFB7F03F8E6 /* [CP] Check Pods Manifest.lock */ = {
			isa = PBXShellScriptBuildPhase;
			buildActionMask = 2147483647;
			files = (
			);
			inputPaths = (
				"${PODS_PODFILE_DIR_PATH}/Podfile.lock",
				"${PODS_ROOT}/Manifest.lock",
			);
			name = "[CP] Check Pods Manifest.lock";
			outputPaths = (
				"$(DERIVED_FILE_DIR)/Pods-DownLoader-checkManifestLockResult.txt",
			);
			runOnlyForDeploymentPostprocessing = 0;
			shellPath = /bin/sh;
			shellScript = "diff \"${PODS_PODFILE_DIR_PATH}/Podfile.lock\" \"${PODS_ROOT}/Manifest.lock\" > /dev/null\nif [ $? != 0 ] ; then\n    # print error to STDERR\n    echo \"error: The sandbox is not in sync with the Podfile.lock. Run 'pod install' or update your CocoaPods installation.\" >&2\n    exit 1\nfi\n# This output is used by Xcode 'outputs' to avoid re-running this script phase.\necho \"SUCCESS\" > \"${SCRIPT_OUTPUT_FILE_0}\"\n";
			showEnvVarsInLog = 0;
		};
/* End PBXShellScriptBuildPhase section */

/* Begin PBXSourcesBuildPhase section */
		CB5028911F210E260099747E /* Sources */ = {
			isa = PBXSourcesBuildPhase;
			buildActionMask = 2147483647;
			files = (
				CB5028AB1F210E380099747E /* DownLoader.swift in Sources */,
				CB50289B1F210E260099747E /* ViewController.swift in Sources */,
				CBB9FBC71F2AE95600BB084F /* DownloaderManager.swift in Sources */,
				CB5028991F210E260099747E /* AppDelegate.swift in Sources */,
				CBB9FBC91F2B243E00BB084F /* MoreTaskViewController.swift in Sources */,
				CB5028AD1F210E4A0099747E /* FileMangerTool.swift in Sources */,
			);
			runOnlyForDeploymentPostprocessing = 0;
		};
/* End PBXSourcesBuildPhase section */

/* Begin PBXVariantGroup section */
		CB50289C1F210E260099747E /* Main.storyboard */ = {
			isa = PBXVariantGroup;
			children = (
				CB50289D1F210E260099747E /* Base */,
			);
			name = Main.storyboard;
			sourceTree = "<group>";
		};
		CB5028A11F210E260099747E /* LaunchScreen.storyboard */ = {
			isa = PBXVariantGroup;
			children = (
				CB5028A21F210E260099747E /* Base */,
			);
			name = LaunchScreen.storyboard;
			sourceTree = "<group>";
		};
/* End PBXVariantGroup section */

/* Begin XCBuildConfiguration section */
		CB5028A51F210E260099747E /* Debug */ = {
			isa = XCBuildConfiguration;
			buildSettings = {
				ALWAYS_SEARCH_USER_PATHS = NO;
				CLANG_ANALYZER_NONNULL = YES;
				CLANG_ANALYZER_NUMBER_OBJECT_CONVERSION = YES_AGGRESSIVE;
				CLANG_CXX_LANGUAGE_STANDARD = "gnu++0x";
				CLANG_CXX_LIBRARY = "libc++";
				CLANG_ENABLE_MODULES = YES;
				CLANG_ENABLE_OBJC_ARC = YES;
				CLANG_WARN_BOOL_CONVERSION = YES;
				CLANG_WARN_CONSTANT_CONVERSION = YES;
				CLANG_WARN_DIRECT_OBJC_ISA_USAGE = YES_ERROR;
				CLANG_WARN_DOCUMENTATION_COMMENTS = YES;
				CLANG_WARN_EMPTY_BODY = YES;
				CLANG_WARN_ENUM_CONVERSION = YES;
				CLANG_WARN_INFINITE_RECURSION = YES;
				CLANG_WARN_INT_CONVERSION = YES;
				CLANG_WARN_OBJC_ROOT_CLASS = YES_ERROR;
				CLANG_WARN_SUSPICIOUS_MOVE = YES;
				CLANG_WARN_UNREACHABLE_CODE = YES;
				CLANG_WARN__DUPLICATE_METHOD_MATCH = YES;
				"CODE_SIGN_IDENTITY[sdk=iphoneos*]" = "iPhone Developer";
				COPY_PHASE_STRIP = NO;
				DEBUG_INFORMATION_FORMAT = dwarf;
				ENABLE_STRICT_OBJC_MSGSEND = YES;
				ENABLE_TESTABILITY = YES;
				GCC_C_LANGUAGE_STANDARD = gnu99;
				GCC_DYNAMIC_NO_PIC = NO;
				GCC_NO_COMMON_BLOCKS = YES;
				GCC_OPTIMIZATION_LEVEL = 0;
				GCC_PREPROCESSOR_DEFINITIONS = (
					"DEBUG=1",
					"$(inherited)",
				);
				GCC_WARN_64_TO_32_BIT_CONVERSION = YES;
				GCC_WARN_ABOUT_RETURN_TYPE = YES_ERROR;
				GCC_WARN_UNDECLARED_SELECTOR = YES;
				GCC_WARN_UNINITIALIZED_AUTOS = YES_AGGRESSIVE;
				GCC_WARN_UNUSED_FUNCTION = YES;
				GCC_WARN_UNUSED_VARIABLE = YES;
				IPHONEOS_DEPLOYMENT_TARGET = 10.3;
				MTL_ENABLE_DEBUG_INFO = YES;
				ONLY_ACTIVE_ARCH = YES;
				SDKROOT = iphoneos;
				SWIFT_ACTIVE_COMPILATION_CONDITIONS = DEBUG;
				SWIFT_OPTIMIZATION_LEVEL = "-Onone";
				TARGETED_DEVICE_FAMILY = "1,2";
			};
			name = Debug;
		};
		CB5028A61F210E260099747E /* Release */ = {
			isa = XCBuildConfiguration;
			buildSettings = {
				ALWAYS_SEARCH_USER_PATHS = NO;
				CLANG_ANALYZER_NONNULL = YES;
				CLANG_ANALYZER_NUMBER_OBJECT_CONVERSION = YES_AGGRESSIVE;
				CLANG_CXX_LANGUAGE_STANDARD = "gnu++0x";
				CLANG_CXX_LIBRARY = "libc++";
				CLANG_ENABLE_MODULES = YES;
				CLANG_ENABLE_OBJC_ARC = YES;
				CLANG_WARN_BOOL_CONVERSION = YES;
				CLANG_WARN_CONSTANT_CONVERSION = YES;
				CLANG_WARN_DIRECT_OBJC_ISA_USAGE = YES_ERROR;
				CLANG_WARN_DOCUMENTATION_COMMENTS = YES;
				CLANG_WARN_EMPTY_BODY = YES;
				CLANG_WARN_ENUM_CONVERSION = YES;
				CLANG_WARN_INFINITE_RECURSION = YES;
				CLANG_WARN_INT_CONVERSION = YES;
				CLANG_WARN_OBJC_ROOT_CLASS = YES_ERROR;
				CLANG_WARN_SUSPICIOUS_MOVE = YES;
				CLANG_WARN_UNREACHABLE_CODE = YES;
				CLANG_WARN__DUPLICATE_METHOD_MATCH = YES;
				"CODE_SIGN_IDENTITY[sdk=iphoneos*]" = "iPhone Developer";
				COPY_PHASE_STRIP = NO;
				DEBUG_INFORMATION_FORMAT = "dwarf-with-dsym";
				ENABLE_NS_ASSERTIONS = NO;
				ENABLE_STRICT_OBJC_MSGSEND = YES;
				GCC_C_LANGUAGE_STANDARD = gnu99;
				GCC_NO_COMMON_BLOCKS = YES;
				GCC_WARN_64_TO_32_BIT_CONVERSION = YES;
				GCC_WARN_ABOUT_RETURN_TYPE = YES_ERROR;
				GCC_WARN_UNDECLARED_SELECTOR = YES;
				GCC_WARN_UNINITIALIZED_AUTOS = YES_AGGRESSIVE;
				GCC_WARN_UNUSED_FUNCTION = YES;
				GCC_WARN_UNUSED_VARIABLE = YES;
				IPHONEOS_DEPLOYMENT_TARGET = 10.3;
				MTL_ENABLE_DEBUG_INFO = NO;
				SDKROOT = iphoneos;
				SWIFT_OPTIMIZATION_LEVEL = "-Owholemodule";
				TARGETED_DEVICE_FAMILY = "1,2";
				VALIDATE_PRODUCT = YES;
			};
			name = Release;
		};
		CB5028A81F210E260099747E /* Debug */ = {
			isa = XCBuildConfiguration;
			baseConfigurationReference = BE97EE00C128DCCB14FECE3C /* Pods-DownLoader.debug.xcconfig */;
			buildSettings = {
				ASSETCATALOG_COMPILER_APPICON_NAME = AppIcon;
				INFOPLIST_FILE = DownLoader/Info.plist;
				LD_RUNPATH_SEARCH_PATHS = "$(inherited) @executable_path/Frameworks";
				PRODUCT_BUNDLE_IDENTIFIER = "com.25344003-qq.DownLoader";
				PRODUCT_NAME = "$(TARGET_NAME)";
				SWIFT_VERSION = 3.0;
			};
			name = Debug;
		};
		CB5028A91F210E260099747E /* Release */ = {
			isa = XCBuildConfiguration;
			baseConfigurationReference = 23FFA3C1672104774C596591 /* Pods-DownLoader.release.xcconfig */;
			buildSettings = {
				ASSETCATALOG_COMPILER_APPICON_NAME = AppIcon;
				INFOPLIST_FILE = DownLoader/Info.plist;
				LD_RUNPATH_SEARCH_PATHS = "$(inherited) @executable_path/Frameworks";
				PRODUCT_BUNDLE_IDENTIFIER = "com.25344003-qq.DownLoader";
				PRODUCT_NAME = "$(TARGET_NAME)";
				SWIFT_VERSION = 3.0;
			};
			name = Release;
		};
/* End XCBuildConfiguration section */

/* Begin XCConfigurationList section */
		CB5028901F210E260099747E /* Build configuration list for PBXProject "DownLoader" */ = {
			isa = XCConfigurationList;
			buildConfigurations = (
				CB5028A51F210E260099747E /* Debug */,
				CB5028A61F210E260099747E /* Release */,
			);
			defaultConfigurationIsVisible = 0;
			defaultConfigurationName = Release;
		};
		CB5028A71F210E260099747E /* Build configuration list for PBXNativeTarget "DownLoader" */ = {
			isa = XCConfigurationList;
			buildConfigurations = (
				CB5028A81F210E260099747E /* Debug */,
				CB5028A91F210E260099747E /* Release */,
			);
			defaultConfigurationIsVisible = 0;
			defaultConfigurationName = Release;
		};
/* End XCConfigurationList section */
	};
	rootObject = CB50288D1F210E260099747E /* Project object */;
}
